
Microsoft Visual Studio Solution File, Format Version 12.00
# Visual Studio Version 16
VisualStudioVersion = 16.0.30128.74
MinimumVisualStudioVersion = 10.0.40219.1
Project("{9A19103F-16F7-4668-BE54-9A1E7A4F7556}") = "BasicCRUDTool3.Data", "DesktopClient\BasicCRUDTool3.Data\BasicCRUDTool3.Data.csproj", "{F31F7EA7-8491-4106-B51B-D39ACBAAC2CD}"
EndProject
Project("{9A19103F-16F7-4668-BE54-9A1E7A4F7556}") = "BasicCRUDTool3.Windows", "DesktopClient\BasicCRUDTool3.Windows\BasicCRUDTool3.Windows.csproj", "{4A2D1BAC-6DF6-428F-9186-B3531F94E0A3}"
EndProject
Project("{9A19103F-16F7-4668-BE54-9A1E7A4F7556}") = "BasicCRUDTool3.WPFDesktop", "DesktopClient\BasicCRUDTool3.WPFDesktop\BasicCRUDTool3.WPFDesktop.csproj", "{A462123D-7DD2-4724-85BD-8097DDE0BA84}"
EndProject
Project("{2150E333-8FDC-42A3-9474-1A3956D46DE8}") = "DesktopClient", "DesktopClient", "{08A51D55-D8D7-4CFE-81DB-A6F3680171E2}"
EndProject
Project("{2150E333-8FDC-42A3-9474-1A3956D46DE8}") = "Tests", "Tests", "{5D9B01F4-1E50-4929-9C7C-5CD07E49471B}"
EndProject
Project("{9A19103F-16F7-4668-BE54-9A1E7A4F7556}") = "BasicCRUDTool3.Data.Tests", "..\Tests\BasicCRUDTool3.Data.Tests\BasicCRUDTool3.Data.Tests.csproj", "{0AAF5A72-5441-443F-A395-582BD6F61F0F}"
EndProject
Project("{9A19103F-16F7-4668-BE54-9A1E7A4F7556}") = "BasicCRUDTool3.Windows.Tests", "..\Tests\BasicCRUDTool3.Windows.Tests\BasicCRUDTool3.Windows.Tests.csproj", "{01471101-A4B4-4A22-B49F-F40805F13E76}"
EndProject
Project("{9A19103F-16F7-4668-BE54-9A1E7A4F7556}") = "BasicCRUDTool3.WPFDesktop.Tests", "..\Tests\BasicCRUDTool3.WPFDesktop.Tests\BasicCRUDTool3.WPFDesktop.Tests.csproj", "{659FB0CE-21A8-4DBA-83B4-93D243040E7D}"
EndProject
Project("{9A19103F-16F7-4668-BE54-9A1E7A4F7556}") = "BasicCRUDTool3.Business", "DesktopClient\BasicCRUDTool3.Business\BasicCRUDTool3.Business.csproj", "{644B44C4-EFFD-4B7D-86C8-0ADD84879CDE}"
EndProject
Project("{9A19103F-16F7-4668-BE54-9A1E7A4F7556}") = "BasicCRUDTool3.Business.Tests", "..\Tests\BasicCRUDTool3.Business.Tests\BasicCRUDTool3.Business.Tests.csproj", "{0541A7F1-AF10-427C-8089-AC53EE21A9C0}"
EndProject
Project("{9A19103F-16F7-4668-BE54-9A1E7A4F7556}") = "BasicCRUDTool3.BlazorApp", "DesktopClient\BasicCRUDTool3.BlazorApp\BasicCRUDTool3.BlazorApp.csproj", "{D0B03332-1E90-4252-BD5A-082B043D3F71}"
EndProject
Project("{9A19103F-16F7-4668-BE54-9A1E7A4F7556}") = "BasicCRUDTool3.Blazor.Server", "DesktopClient\BasicCRUDTool3.Blazor\Server\BasicCRUDTool3.Blazor.Server.csproj", "{29CC6138-A72C-4354-9790-7770E234C091}"
EndProject
Project("{9A19103F-16F7-4668-BE54-9A1E7A4F7556}") = "BasicCRUDTool3.Blazor.Client", "DesktopClient\BasicCRUDTool3.Blazor\Client\BasicCRUDTool3.Blazor.Client.csproj", "{D53BB819-A7DF-439C-B845-621083E96AF3}"
EndProject
Project("{9A19103F-16F7-4668-BE54-9A1E7A4F7556}") = "BasicCRUDTool3.Blazor.Shared", "DesktopClient\BasicCRUDTool3.Blazor\Shared\BasicCRUDTool3.Blazor.Shared.csproj", "{6C70CCE3-FC5A-4683-9751-26587E55A945}"
EndProject
Global
	GlobalSection(SolutionConfigurationPlatforms) = preSolution
		Debug|Any CPU = Debug|Any CPU
		Release|Any CPU = Release|Any CPU
	EndGlobalSection
	GlobalSection(ProjectConfigurationPlatforms) = postSolution
		{F31F7EA7-8491-4106-B51B-D39ACBAAC2CD}.Debug|Any CPU.ActiveCfg = Debug|Any CPU
		{F31F7EA7-8491-4106-B51B-D39ACBAAC2CD}.Debug|Any CPU.Build.0 = Debug|Any CPU
		{F31F7EA7-8491-4106-B51B-D39ACBAAC2CD}.Release|Any CPU.ActiveCfg = Release|Any CPU
		{F31F7EA7-8491-4106-B51B-D39ACBAAC2CD}.Release|Any CPU.Build.0 = Release|Any CPU
		{4A2D1BAC-6DF6-428F-9186-B3531F94E0A3}.Debug|Any CPU.ActiveCfg = Debug|Any CPU
		{4A2D1BAC-6DF6-428F-9186-B3531F94E0A3}.Debug|Any CPU.Build.0 = Debug|Any CPU
		{4A2D1BAC-6DF6-428F-9186-B3531F94E0A3}.Release|Any CPU.ActiveCfg = Release|Any CPU
		{4A2D1BAC-6DF6-428F-9186-B3531F94E0A3}.Release|Any CPU.Build.0 = Release|Any CPU
		{A462123D-7DD2-4724-85BD-8097DDE0BA84}.Debug|Any CPU.ActiveCfg = Debug|Any CPU
		{A462123D-7DD2-4724-85BD-8097DDE0BA84}.Debug|Any CPU.Build.0 = Debug|Any CPU
		{A462123D-7DD2-4724-85BD-8097DDE0BA84}.Release|Any CPU.ActiveCfg = Release|Any CPU
		{A462123D-7DD2-4724-85BD-8097DDE0BA84}.Release|Any CPU.Build.0 = Release|Any CPU
		{0AAF5A72-5441-443F-A395-582BD6F61F0F}.Debug|Any CPU.ActiveCfg = Debug|Any CPU
		{0AAF5A72-5441-443F-A395-582BD6F61F0F}.Debug|Any CPU.Build.0 = Debug|Any CPU
		{0AAF5A72-5441-443F-A395-582BD6F61F0F}.Release|Any CPU.ActiveCfg = Release|Any CPU
		{0AAF5A72-5441-443F-A395-582BD6F61F0F}.Release|Any CPU.Build.0 = Release|Any CPU
		{01471101-A4B4-4A22-B49F-F40805F13E76}.Debug|Any CPU.ActiveCfg = Debug|Any CPU
		{01471101-A4B4-4A22-B49F-F40805F13E76}.Debug|Any CPU.Build.0 = Debug|Any CPU
		{01471101-A4B4-4A22-B49F-F40805F13E76}.Release|Any CPU.ActiveCfg = Release|Any CPU
		{01471101-A4B4-4A22-B49F-F40805F13E76}.Release|Any CPU.Build.0 = Release|Any CPU
		{659FB0CE-21A8-4DBA-83B4-93D243040E7D}.Debug|Any CPU.ActiveCfg = Debug|Any CPU
		{659FB0CE-21A8-4DBA-83B4-93D243040E7D}.Debug|Any CPU.Build.0 = Debug|Any CPU
		{659FB0CE-21A8-4DBA-83B4-93D243040E7D}.Release|Any CPU.ActiveCfg = Release|Any CPU
		{659FB0CE-21A8-4DBA-83B4-93D243040E7D}.Release|Any CPU.Build.0 = Release|Any CPU
		{644B44C4-EFFD-4B7D-86C8-0ADD84879CDE}.Debug|Any CPU.ActiveCfg = Debug|Any CPU
		{644B44C4-EFFD-4B7D-86C8-0ADD84879CDE}.Debug|Any CPU.Build.0 = Debug|Any CPU
		{644B44C4-EFFD-4B7D-86C8-0ADD84879CDE}.Release|Any CPU.ActiveCfg = Release|Any CPU
		{644B44C4-EFFD-4B7D-86C8-0ADD84879CDE}.Release|Any CPU.Build.0 = Release|Any CPU
		{0541A7F1-AF10-427C-8089-AC53EE21A9C0}.Debug|Any CPU.ActiveCfg = Debug|Any CPU
		{0541A7F1-AF10-427C-8089-AC53EE21A9C0}.Debug|Any CPU.Build.0 = Debug|Any CPU
		{0541A7F1-AF10-427C-8089-AC53EE21A9C0}.Release|Any CPU.ActiveCfg = Release|Any CPU
		{0541A7F1-AF10-427C-8089-AC53EE21A9C0}.Release|Any CPU.Build.0 = Release|Any CPU
		{D0B03332-1E90-4252-BD5A-082B043D3F71}.Debug|Any CPU.ActiveCfg = Debug|Any CPU
		{D0B03332-1E90-4252-BD5A-082B043D3F71}.Debug|Any CPU.Build.0 = Debug|Any CPU
		{D0B03332-1E90-4252-BD5A-082B043D3F71}.Release|Any CPU.ActiveCfg = Release|Any CPU
		{D0B03332-1E90-4252-BD5A-082B043D3F71}.Release|Any CPU.Build.0 = Release|Any CPU
		{29CC6138-A72C-4354-9790-7770E234C091}.Debug|Any CPU.ActiveCfg = Debug|Any CPU
		{29CC6138-A72C-4354-9790-7770E234C091}.Debug|Any CPU.Build.0 = Debug|Any CPU
		{29CC6138-A72C-4354-9790-7770E234C091}.Release|Any CPU.ActiveCfg = Release|Any CPU
		{29CC6138-A72C-4354-9790-7770E234C091}.Release|Any CPU.Build.0 = Release|Any CPU
		{D53BB819-A7DF-439C-B845-621083E96AF3}.Debug|Any CPU.ActiveCfg = Debug|Any CPU
		{D53BB819-A7DF-439C-B845-621083E96AF3}.Debug|Any CPU.Build.0 = Debug|Any CPU
		{D53BB819-A7DF-439C-B845-621083E96AF3}.Release|Any CPU.ActiveCfg = Release|Any CPU
		{D53BB819-A7DF-439C-B845-621083E96AF3}.Release|Any CPU.Build.0 = Release|Any CPU
		{6C70CCE3-FC5A-4683-9751-26587E55A945}.Debug|Any CPU.ActiveCfg = Debug|Any CPU
		{6C70CCE3-FC5A-4683-9751-26587E55A945}.Debug|Any CPU.Build.0 = Debug|Any CPU
		{6C70CCE3-FC5A-4683-9751-26587E55A945}.Release|Any CPU.ActiveCfg = Release|Any CPU
		{6C70CCE3-FC5A-4683-9751-26587E55A945}.Release|Any CPU.Build.0 = Release|Any CPU
	EndGlobalSection
	GlobalSection(SolutionProperties) = preSolution
		HideSolutionNode = FALSE
	EndGlobalSection
	GlobalSection(NestedProjects) = preSolution
		{F31F7EA7-8491-4106-B51B-D39ACBAAC2CD} = {08A51D55-D8D7-4CFE-81DB-A6F3680171E2}
		{4A2D1BAC-6DF6-428F-9186-B3531F94E0A3} = {08A51D55-D8D7-4CFE-81DB-A6F3680171E2}
		{A462123D-7DD2-4724-85BD-8097DDE0BA84} = {08A51D55-D8D7-4CFE-81DB-A6F3680171E2}
		{0AAF5A72-5441-443F-A395-582BD6F61F0F} = {5D9B01F4-1E50-4929-9C7C-5CD07E49471B}
		{01471101-A4B4-4A22-B49F-F40805F13E76} = {5D9B01F4-1E50-4929-9C7C-5CD07E49471B}
		{659FB0CE-21A8-4DBA-83B4-93D243040E7D} = {5D9B01F4-1E50-4929-9C7C-5CD07E49471B}
		{644B44C4-EFFD-4B7D-86C8-0ADD84879CDE} = {08A51D55-D8D7-4CFE-81DB-A6F3680171E2}
		{0541A7F1-AF10-427C-8089-AC53EE21A9C0} = {5D9B01F4-1E50-4929-9C7C-5CD07E49471B}
		{D0B03332-1E90-4252-BD5A-082B043D3F71} = {08A51D55-D8D7-4CFE-81DB-A6F3680171E2}
		{29CC6138-A72C-4354-9790-7770E234C091} = {08A51D55-D8D7-4CFE-81DB-A6F3680171E2}
		{D53BB819-A7DF-439C-B845-621083E96AF3} = {08A51D55-D8D7-4CFE-81DB-A6F3680171E2}
		{6C70CCE3-FC5A-4683-9751-26587E55A945} = {08A51D55-D8D7-4CFE-81DB-A6F3680171E2}
	EndGlobalSection
	GlobalSection(ExtensibilityGlobals) = postSolution
		SolutionGuid = {4EC33238-158E-4028-AD0E-491632ECA8A2}
	EndGlobalSection
EndGlobal
